
Microsoft Visual Studio Solution File, Format Version 12.00
# Visual Studio Version 16
VisualStudioVersion = 16.0.29102.190
MinimumVisualStudioVersion = 10.0.40219.1
Project("{FAE04EC0-301F-11D3-BF4B-00C04F79EFBC}") = "VehicleShowroomSystem", "VehicleShowroomSystem\VehicleShowroomSystem.csproj", "{FC4F5982-6060-4367-A5E3-F0ABA7AB9F4C}"
EndProject
Project("{FAE04EC0-301F-11D3-BF4B-00C04F79EFBC}") = "Demo.Entity", "Demo.Entity\Demo.Entity.csproj", "{FFAAC602-1453-4581-8613-836C4741C359}"
EndProject
Project("{FAE04EC0-301F-11D3-BF4B-00C04F79EFBC}") = "Demo.Facade", "Demo.Facade\Demo.Facade.csproj", "{EDC325B7-0BD4-4309-ACDA-F7D40B343500}"
EndProject
Project("{FAE04EC0-301F-11D3-BF4B-00C04F79EFBC}") = "Demo.Repository", "Demo.Repository\Demo.Repository.csproj", "{AC91BAFA-5F0A-4BDB-AB0A-FF3DAD7E081F}"
EndProject
Global
	GlobalSection(SolutionConfigurationPlatforms) = preSolution
		Debug|Any CPU = Debug|Any CPU
		Release|Any CPU = Release|Any CPU
	EndGlobalSection
	GlobalSection(ProjectConfigurationPlatforms) = postSolution
		{FC4F5982-6060-4367-A5E3-F0ABA7AB9F4C}.Debug|Any CPU.ActiveCfg = Debug|Any CPU
		{FC4F5982-6060-4367-A5E3-F0ABA7AB9F4C}.Debug|Any CPU.Build.0 = Debug|Any CPU
		{FC4F5982-6060-4367-A5E3-F0ABA7AB9F4C}.Release|Any CPU.ActiveCfg = Release|Any CPU
		{FC4F5982-6060-4367-A5E3-F0ABA7AB9F4C}.Release|Any CPU.Build.0 = Release|Any CPU
		{FFAAC602-1453-4581-8613-836C4741C359}.Debug|Any CPU.ActiveCfg = Debug|Any CPU
		{FFAAC602-1453-4581-8613-836C4741C359}.Debug|Any CPU.Build.0 = Debug|Any CPU
		{FFAAC602-1453-4581-8613-836C4741C359}.Release|Any CPU.ActiveCfg = Release|Any CPU
		{FFAAC602-1453-4581-8613-836C4741C359}.Release|Any CPU.Build.0 = Release|Any CPU
		{EDC325B7-0BD4-4309-ACDA-F7D40B343500}.Debug|Any CPU.ActiveCfg = Debug|Any CPU
		{EDC325B7-0BD4-4309-ACDA-F7D40B343500}.Debug|Any CPU.Build.0 = Debug|Any CPU
		{EDC325B7-0BD4-4309-ACDA-F7D40B343500}.Release|Any CPU.ActiveCfg = Release|Any CPU
		{EDC325B7-0BD4-4309-ACDA-F7D40B343500}.Release|Any CPU.Build.0 = Release|Any CPU
		{AC91BAFA-5F0A-4BDB-AB0A-FF3DAD7E081F}.Debug|Any CPU.ActiveCfg = Debug|Any CPU
		{AC91BAFA-5F0A-4BDB-AB0A-FF3DAD7E081F}.Debug|Any CPU.Build.0 = Debug|Any CPU
		{AC91BAFA-5F0A-4BDB-AB0A-FF3DAD7E081F}.Release|Any CPU.ActiveCfg = Release|Any CPU
		{AC91BAFA-5F0A-4BDB-AB0A-FF3DAD7E081F}.Release|Any CPU.Build.0 = Release|Any CPU
	EndGlobalSection
	GlobalSection(SolutionProperties) = preSolution
		HideSolutionNode = FALSE
	EndGlobalSection
	GlobalSection(ExtensibilityGlobals) = postSolution
		SolutionGuid = {56C21230-E9DD-434E-AB70-C55D354ACF4D}
	EndGlobalSection
EndGlobal
